PODS:
  - AsyncDisplayKit (1.9.1):
    - AsyncDisplayKit/ASDealloc2MainObject (= 1.9.1)
  - AsyncDisplayKit/ASDealloc2MainObject (1.9.1)
  - SDWebImage (3.7.3):
    - SDWebImage/Core (= 3.7.3)
  - SDWebImage/Core (3.7.3)

DEPENDENCIES:
  - AsyncDisplayKit
  - SDWebImage (~> 3.7)

SPEC CHECKSUMS:
  AsyncDisplayKit: 7bf2b3fa444284f80fd0c1e36655e324549f79d2
  SDWebImage: 1d2b1a1efda1ade1b00b6f8498865f8ddedc8a84

COCOAPODS: 0.39.0
